
Microsoft Visual Studio Solution File, Format Version 12.00
# Visual Studio Version 16
VisualStudioVersion = 16.0.31229.75
MinimumVisualStudioVersion = 10.0.40219.1
Project("{FAE04EC0-301F-11D3-BF4B-00C04F79EFBC}") = "YP02_01", "YP02_01\YP02_01.csproj", "{DE0143EF-F070-4CD5-8B57-79F0B9B1597F}"
EndProject
Global
	GlobalSection(SolutionConfigurationPlatforms) = preSolution
		Debug|Any CPU = Debug|Any CPU
		Release|Any CPU = Release|Any CPU
	EndGlobalSection
	GlobalSection(ProjectConfigurationPlatforms) = postSolution
		{DE0143EF-F070-4CD5-8B57-79F0B9B1597F}.Debug|Any CPU.ActiveCfg = Debug|Any CPU
		{DE0143EF-F070-4CD5-8B57-79F0B9B1597F}.Debug|Any CPU.Build.0 = Debug|Any CPU
		{DE0143EF-F070-4CD5-8B57-79F0B9B1597F}.Release|Any CPU.ActiveCfg = Release|Any CPU
		{DE0143EF-F070-4CD5-8B57-79F0B9B1597F}.Release|Any CPU.Build.0 = Release|Any CPU
	EndGlobalSection
	GlobalSection(SolutionProperties) = preSolution
		HideSolutionNode = FALSE
	EndGlobalSection
	GlobalSection(ExtensibilityGlobals) = postSolution
		SolutionGuid = {A3EE9F0E-BE98-4AEB-A831-680D52D023A2}
	EndGlobalSection
EndGlobal
